
Microsoft Visual Studio Solution File, Format Version 12.00
# Visual Studio Version 16
VisualStudioVersion = 16.0.30225.117
MinimumVisualStudioVersion = 10.0.40219.1
Project("{8BC9CEB8-8B4A-11D0-8D11-00A0C91BC942}") = "Project1", "Project1\Project1.vcxproj", "{0109A0BB-72A1-4DA3-9534-AB069A178604}"
EndProject
Global
	GlobalSection(SolutionConfigurationPlatforms) = preSolution
		Debug|x64 = Debug|x64
		Debug|x86 = Debug|x86
		Release|x64 = Release|x64
		Release|x86 = Release|x86
	EndGlobalSection
	GlobalSection(ProjectConfigurationPlatforms) = postSolution
		{0109A0BB-72A1-4DA3-9534-AB069A178604}.Debug|x64.ActiveCfg = Debug|x64
		{0109A0BB-72A1-4DA3-9534-AB069A178604}.Debug|x64.Build.0 = Debug|x64
		{0109A0BB-72A1-4DA3-9534-AB069A178604}.Debug|x86.ActiveCfg = Debug|Win32
		{0109A0BB-72A1-4DA3-9534-AB069A178604}.Debug|x86.Build.0 = Debug|Win32
		{0109A0BB-72A1-4DA3-9534-AB069A178604}.Release|x64.ActiveCfg = Release|x64
		{0109A0BB-72A1-4DA3-9534-AB069A178604}.Release|x64.Build.0 = Release|x64
		{0109A0BB-72A1-4DA3-9534-AB069A178604}.Release|x86.ActiveCfg = Release|Win32
		{0109A0BB-72A1-4DA3-9534-AB069A178604}.Release|x86.Build.0 = Release|Win32
	EndGlobalSection
	GlobalSection(SolutionProperties) = preSolution
		HideSolutionNode = FALSE
	EndGlobalSection
	GlobalSection(ExtensibilityGlobals) = postSolution
		SolutionGuid = {54B2FAA1-866D-4CAF-B134-D31B61119222}
	EndGlobalSection
EndGlobal
